
Microsoft Visual Studio Solution File, Format Version 12.00
# Visual Studio 14
VisualStudioVersion = 14.0.25420.1
MinimumVisualStudioVersion = 10.0.40219.1
Project("{FAE04EC0-301F-11D3-BF4B-00C04F79EFBC}") = "BIBLIOTECA", "BIBLIOTECA\BIBLIOTECA.csproj", "{3D1712B1-07A7-47DF-9792-01021BC91C94}"
EndProject
Project("{FAE04EC0-301F-11D3-BF4B-00C04F79EFBC}") = "BIBLIOTECA.Tests", "BIBLIOTECA.Tests\BIBLIOTECA.Tests.csproj", "{C01A7688-606F-4DD4-910D-56243B6E1DC5}"
EndProject
Global
	GlobalSection(SolutionConfigurationPlatforms) = preSolution
		Debug|Any CPU = Debug|Any CPU
		Release|Any CPU = Release|Any CPU
	EndGlobalSection
	GlobalSection(ProjectConfigurationPlatforms) = postSolution
		{3D1712B1-07A7-47DF-9792-01021BC91C94}.Debug|Any CPU.ActiveCfg = Debug|Any CPU
		{3D1712B1-07A7-47DF-9792-01021BC91C94}.Debug|Any CPU.Build.0 = Debug|Any CPU
		{3D1712B1-07A7-47DF-9792-01021BC91C94}.Release|Any CPU.ActiveCfg = Release|Any CPU
		{3D1712B1-07A7-47DF-9792-01021BC91C94}.Release|Any CPU.Build.0 = Release|Any CPU
		{C01A7688-606F-4DD4-910D-56243B6E1DC5}.Debug|Any CPU.ActiveCfg = Debug|Any CPU
		{C01A7688-606F-4DD4-910D-56243B6E1DC5}.Debug|Any CPU.Build.0 = Debug|Any CPU
		{C01A7688-606F-4DD4-910D-56243B6E1DC5}.Release|Any CPU.ActiveCfg = Release|Any CPU
		{C01A7688-606F-4DD4-910D-56243B6E1DC5}.Release|Any CPU.Build.0 = Release|Any CPU
	EndGlobalSection
	GlobalSection(SolutionProperties) = preSolution
		HideSolutionNode = FALSE
	EndGlobalSection
EndGlobal
